
Microsoft Visual Studio Solution File, Format Version 12.00
# Visual Studio Version 17
VisualStudioVersion = 17.13.35919.96 d17.13
MinimumVisualStudioVersion = 10.0.40219.1
Project("{FAE04EC0-301F-11D3-BF4B-00C04F79EFBC}") = "20-HerenciasDeClases", "20-HerenciasDeClases\20-HerenciasDeClases.csproj", "{D226D4B6-3246-49D2-BE17-4A4BF94FABC2}"
EndProject
Global
	GlobalSection(SolutionConfigurationPlatforms) = preSolution
		Debug|Any CPU = Debug|Any CPU
		Release|Any CPU = Release|Any CPU
	EndGlobalSection
	GlobalSection(ProjectConfigurationPlatforms) = postSolution
		{D226D4B6-3246-49D2-BE17-4A4BF94FABC2}.Debug|Any CPU.ActiveCfg = Debug|Any CPU
		{D226D4B6-3246-49D2-BE17-4A4BF94FABC2}.Debug|Any CPU.Build.0 = Debug|Any CPU
		{D226D4B6-3246-49D2-BE17-4A4BF94FABC2}.Release|Any CPU.ActiveCfg = Release|Any CPU
		{D226D4B6-3246-49D2-BE17-4A4BF94FABC2}.Release|Any CPU.Build.0 = Release|Any CPU
	EndGlobalSection
	GlobalSection(SolutionProperties) = preSolution
		HideSolutionNode = FALSE
	EndGlobalSection
	GlobalSection(ExtensibilityGlobals) = postSolution
		SolutionGuid = {CF39D859-025E-4416-B994-CB399A2063A3}
	EndGlobalSection
EndGlobal
