
Microsoft Visual Studio Solution File, Format Version 12.00
# Visual Studio Version 17
VisualStudioVersion = 17.13.35919.96 d17.13
MinimumVisualStudioVersion = 10.0.40219.1
Project("{FAE04EC0-301F-11D3-BF4B-00C04F79EFBC}") = "13-ParametrosDeMetodos", "13-ParametrosDeMetodos\13-ParametrosDeMetodos.csproj", "{FFF4233D-554D-4BCC-AFEB-0FA9CFA85CF9}"
EndProject
Global
	GlobalSection(SolutionConfigurationPlatforms) = preSolution
		Debug|Any CPU = Debug|Any CPU
		Release|Any CPU = Release|Any CPU
	EndGlobalSection
	GlobalSection(ProjectConfigurationPlatforms) = postSolution
		{FFF4233D-554D-4BCC-AFEB-0FA9CFA85CF9}.Debug|Any CPU.ActiveCfg = Debug|Any CPU
		{FFF4233D-554D-4BCC-AFEB-0FA9CFA85CF9}.Debug|Any CPU.Build.0 = Debug|Any CPU
		{FFF4233D-554D-4BCC-AFEB-0FA9CFA85CF9}.Release|Any CPU.ActiveCfg = Release|Any CPU
		{FFF4233D-554D-4BCC-AFEB-0FA9CFA85CF9}.Release|Any CPU.Build.0 = Release|Any CPU
	EndGlobalSection
	GlobalSection(SolutionProperties) = preSolution
		HideSolutionNode = FALSE
	EndGlobalSection
	GlobalSection(ExtensibilityGlobals) = postSolution
		SolutionGuid = {839784B7-C031-4A41-AACC-84A6FB357532}
	EndGlobalSection
EndGlobal
