
Microsoft Visual Studio Solution File, Format Version 12.00
# Visual Studio Version 17
VisualStudioVersion = 17.13.35919.96 d17.13
MinimumVisualStudioVersion = 10.0.40219.1
Project("{FAE04EC0-301F-11D3-BF4B-00C04F79EFBC}") = "05-Arrays", "05-Arrays\05-Arrays.csproj", "{7DE49A9B-A458-4C05-989A-646D079D8409}"
EndProject
Global
	GlobalSection(SolutionConfigurationPlatforms) = preSolution
		Debug|Any CPU = Debug|Any CPU
		Release|Any CPU = Release|Any CPU
	EndGlobalSection
	GlobalSection(ProjectConfigurationPlatforms) = postSolution
		{7DE49A9B-A458-4C05-989A-646D079D8409}.Debug|Any CPU.ActiveCfg = Debug|Any CPU
		{7DE49A9B-A458-4C05-989A-646D079D8409}.Debug|Any CPU.Build.0 = Debug|Any CPU
		{7DE49A9B-A458-4C05-989A-646D079D8409}.Release|Any CPU.ActiveCfg = Release|Any CPU
		{7DE49A9B-A458-4C05-989A-646D079D8409}.Release|Any CPU.Build.0 = Release|Any CPU
	EndGlobalSection
	GlobalSection(SolutionProperties) = preSolution
		HideSolutionNode = FALSE
	EndGlobalSection
	GlobalSection(ExtensibilityGlobals) = postSolution
		SolutionGuid = {CE7238BF-13E4-4D51-869E-E0979AB5F8C0}
	EndGlobalSection
EndGlobal
