
Microsoft Visual Studio Solution File, Format Version 12.00
# Visual Studio Version 17
VisualStudioVersion = 17.13.35919.96 d17.13
MinimumVisualStudioVersion = 10.0.40219.1
Project("{FAE04EC0-301F-11D3-BF4B-00C04F79EFBC}") = "15.1-PalabraClaveStatic", "15.1-PalabraClaveStatic\15.1-PalabraClaveStatic.csproj", "{A7551571-FA96-4962-9A54-E989B117025D}"
EndProject
Global
	GlobalSection(SolutionConfigurationPlatforms) = preSolution
		Debug|Any CPU = Debug|Any CPU
		Release|Any CPU = Release|Any CPU
	EndGlobalSection
	GlobalSection(ProjectConfigurationPlatforms) = postSolution
		{A7551571-FA96-4962-9A54-E989B117025D}.Debug|Any CPU.ActiveCfg = Debug|Any CPU
		{A7551571-FA96-4962-9A54-E989B117025D}.Debug|Any CPU.Build.0 = Debug|Any CPU
		{A7551571-FA96-4962-9A54-E989B117025D}.Release|Any CPU.ActiveCfg = Release|Any CPU
		{A7551571-FA96-4962-9A54-E989B117025D}.Release|Any CPU.Build.0 = Release|Any CPU
	EndGlobalSection
	GlobalSection(SolutionProperties) = preSolution
		HideSolutionNode = FALSE
	EndGlobalSection
	GlobalSection(ExtensibilityGlobals) = postSolution
		SolutionGuid = {6491B18A-F84A-4FE5-91C7-9E7422E96F24}
	EndGlobalSection
EndGlobal
