
Microsoft Visual Studio Solution File, Format Version 12.00
# Visual Studio Version 17
VisualStudioVersion = 17.13.35919.96 d17.13
MinimumVisualStudioVersion = 10.0.40219.1
Project("{FAE04EC0-301F-11D3-BF4B-00C04F79EFBC}") = "08-EstructuraCondicionalSwitch", "08-EstructuraCondicionalSwitch\08-EstructuraCondicionalSwitch.csproj", "{A6DB3967-9E96-4683-A72C-A9EBDFC5512A}"
EndProject
Global
	GlobalSection(SolutionConfigurationPlatforms) = preSolution
		Debug|Any CPU = Debug|Any CPU
		Release|Any CPU = Release|Any CPU
	EndGlobalSection
	GlobalSection(ProjectConfigurationPlatforms) = postSolution
		{A6DB3967-9E96-4683-A72C-A9EBDFC5512A}.Debug|Any CPU.ActiveCfg = Debug|Any CPU
		{A6DB3967-9E96-4683-A72C-A9EBDFC5512A}.Debug|Any CPU.Build.0 = Debug|Any CPU
		{A6DB3967-9E96-4683-A72C-A9EBDFC5512A}.Release|Any CPU.ActiveCfg = Release|Any CPU
		{A6DB3967-9E96-4683-A72C-A9EBDFC5512A}.Release|Any CPU.Build.0 = Release|Any CPU
	EndGlobalSection
	GlobalSection(SolutionProperties) = preSolution
		HideSolutionNode = FALSE
	EndGlobalSection
	GlobalSection(ExtensibilityGlobals) = postSolution
		SolutionGuid = {840B652E-EB56-4979-98BA-C445D6C7361E}
	EndGlobalSection
EndGlobal
